
Microsoft Visual Studio Solution File, Format Version 12.00
# Visual Studio Version 16
VisualStudioVersion = 16.0.33130.400
MinimumVisualStudioVersion = 10.0.40219.1
Project("{FAE04EC0-301F-11D3-BF4B-00C04F79EFBC}") = "Inventory App v1.2", "Inventory App v1.2\Inventory App v1.2.csproj", "{F9365A9E-B2DD-4F37-9C35-F84061D56EC5}"
EndProject
Global
	GlobalSection(SolutionConfigurationPlatforms) = preSolution
		Debug|Any CPU = Debug|Any CPU
		Release|Any CPU = Release|Any CPU
	EndGlobalSection
	GlobalSection(ProjectConfigurationPlatforms) = postSolution
		{F9365A9E-B2DD-4F37-9C35-F84061D56EC5}.Debug|Any CPU.ActiveCfg = Debug|Any CPU
		{F9365A9E-B2DD-4F37-9C35-F84061D56EC5}.Debug|Any CPU.Build.0 = Debug|Any CPU
		{F9365A9E-B2DD-4F37-9C35-F84061D56EC5}.Release|Any CPU.ActiveCfg = Release|Any CPU
		{F9365A9E-B2DD-4F37-9C35-F84061D56EC5}.Release|Any CPU.Build.0 = Release|Any CPU
	EndGlobalSection
	GlobalSection(SolutionProperties) = preSolution
		HideSolutionNode = FALSE
	EndGlobalSection
	GlobalSection(ExtensibilityGlobals) = postSolution
		SolutionGuid = {F0130186-ECCB-4204-9B4E-E62C34BDBA99}
	EndGlobalSection
EndGlobal
